
Microsoft Visual Studio Solution File, Format Version 12.00
# Visual Studio Version 16
VisualStudioVersion = 16.0.28407.52
MinimumVisualStudioVersion = 10.0.40219.1
Project("{FAE04EC0-301F-11D3-BF4B-00C04F79EFBC}") = "CKSpwn", "CKSpwn.csproj", "{E40B56B2-7F88-4AA5-A650-B4949112AC01}"
EndProject
Global
	GlobalSection(SolutionConfigurationPlatforms) = preSolution
		Debug|Any CPU = Debug|Any CPU
		Release|Any CPU = Release|Any CPU
	EndGlobalSection
	GlobalSection(ProjectConfigurationPlatforms) = postSolution
		{E40B56B2-7F88-4AA5-A650-B4949112AC01}.Debug|Any CPU.ActiveCfg = Debug|Any CPU
		{E40B56B2-7F88-4AA5-A650-B4949112AC01}.Debug|Any CPU.Build.0 = Debug|Any CPU
		{E40B56B2-7F88-4AA5-A650-B4949112AC01}.Release|Any CPU.ActiveCfg = Release|Any CPU
		{E40B56B2-7F88-4AA5-A650-B4949112AC01}.Release|Any CPU.Build.0 = Release|Any CPU
	EndGlobalSection
	GlobalSection(SolutionProperties) = preSolution
		HideSolutionNode = FALSE
	EndGlobalSection
	GlobalSection(ExtensibilityGlobals) = postSolution
		SolutionGuid = {9BAD9C51-A817-4121-AB8A-1718FBC6429D}
	EndGlobalSection
EndGlobal
